
Microsoft Visual Studio Solution File, Format Version 12.00
# Visual Studio 15
VisualStudioVersion = 15.0.27703.2026
MinimumVisualStudioVersion = 10.0.40219.1
Project("{FAE04EC0-301F-11D3-BF4B-00C04F79EFBC}") = "PracticaDockPanel", "PracticaDockPanel\PracticaDockPanel.csproj", "{6FBEE85A-AABA-43FF-BD59-FCF2E7DBF6AA}"
EndProject
Global
	GlobalSection(SolutionConfigurationPlatforms) = preSolution
		Debug|Any CPU = Debug|Any CPU
		Release|Any CPU = Release|Any CPU
	EndGlobalSection
	GlobalSection(ProjectConfigurationPlatforms) = postSolution
		{6FBEE85A-AABA-43FF-BD59-FCF2E7DBF6AA}.Debug|Any CPU.ActiveCfg = Debug|Any CPU
		{6FBEE85A-AABA-43FF-BD59-FCF2E7DBF6AA}.Debug|Any CPU.Build.0 = Debug|Any CPU
		{6FBEE85A-AABA-43FF-BD59-FCF2E7DBF6AA}.Release|Any CPU.ActiveCfg = Release|Any CPU
		{6FBEE85A-AABA-43FF-BD59-FCF2E7DBF6AA}.Release|Any CPU.Build.0 = Release|Any CPU
	EndGlobalSection
	GlobalSection(SolutionProperties) = preSolution
		HideSolutionNode = FALSE
	EndGlobalSection
	GlobalSection(ExtensibilityGlobals) = postSolution
		SolutionGuid = {55CFAD11-A37D-41DE-A6EB-D74F17B6C8A5}
	EndGlobalSection
EndGlobal
